
Microsoft Visual Studio Solution File, Format Version 12.00
# Visual Studio 15
VisualStudioVersion = 15.0.27130.2010
MinimumVisualStudioVersion = 10.0.40219.1
Project("{FAE04EC0-301F-11D3-BF4B-00C04F79EFBC}") = "GraphicsWar", "GraphicsWar\CameraExample\GraphicsWar.csproj", "{A30708DD-A61A-4C2E-9A72-6CC9989D3FE0}"
EndProject
Project("{FAE04EC0-301F-11D3-BF4B-00C04F79EFBC}") = "Zenseless.Patterns", "ZenselessSourceAppEmpty3\Zenseless.Patterns\Zenseless.Patterns.csproj", "{BBBC40B8-9569-482C-B291-961D73C4C0CD}"
EndProject
Project("{FAE04EC0-301F-11D3-BF4B-00C04F79EFBC}") = "Zenseless.ExampleFramework", "ZenselessSourceAppEmpty3\Zenseless.ExampleFramework\Zenseless.ExampleFramework.csproj", "{552EB84B-64C5-4E75-911E-3DCEB3D8B474}"
EndProject
Project("{FAE04EC0-301F-11D3-BF4B-00C04F79EFBC}") = "Zenseless.Geometry", "ZenselessSourceAppEmpty3\Zenseless.Geometry\Zenseless.Geometry.csproj", "{1BFD9E99-EC4B-4B48-98D5-D1E8B85C8AE3}"
EndProject
Project("{FAE04EC0-301F-11D3-BF4B-00C04F79EFBC}") = "Zenseless.HLGL", "ZenselessSourceAppEmpty3\Zenseless.HLGL\Zenseless.HLGL.csproj", "{957F6007-E241-4891-B224-3C593B2BB36D}"
EndProject
Project("{FAE04EC0-301F-11D3-BF4B-00C04F79EFBC}") = "Zenseless.OpenGL", "ZenselessSourceAppEmpty3\Zenseless.OpenGL\Zenseless.OpenGL.csproj", "{839F5FBC-DD23-4679-B777-D8556904006F}"
EndProject
Project("{FAE04EC0-301F-11D3-BF4B-00C04F79EFBC}") = "Zenseless.Sound", "ZenselessSourceAppEmpty3\Zenseless.Sound\Zenseless.Sound.csproj", "{1F1DD8E1-D563-4E31-AA5D-07173D9180DA}"
EndProject
Global
	GlobalSection(SolutionConfigurationPlatforms) = preSolution
		Debug|Any CPU = Debug|Any CPU
		Release|Any CPU = Release|Any CPU
	EndGlobalSection
	GlobalSection(ProjectConfigurationPlatforms) = postSolution
		{A30708DD-A61A-4C2E-9A72-6CC9989D3FE0}.Debug|Any CPU.ActiveCfg = Debug|Any CPU
		{A30708DD-A61A-4C2E-9A72-6CC9989D3FE0}.Debug|Any CPU.Build.0 = Debug|Any CPU
		{A30708DD-A61A-4C2E-9A72-6CC9989D3FE0}.Release|Any CPU.ActiveCfg = Release|Any CPU
		{A30708DD-A61A-4C2E-9A72-6CC9989D3FE0}.Release|Any CPU.Build.0 = Release|Any CPU
		{BBBC40B8-9569-482C-B291-961D73C4C0CD}.Debug|Any CPU.ActiveCfg = Debug|Any CPU
		{BBBC40B8-9569-482C-B291-961D73C4C0CD}.Debug|Any CPU.Build.0 = Debug|Any CPU
		{BBBC40B8-9569-482C-B291-961D73C4C0CD}.Release|Any CPU.ActiveCfg = Release|Any CPU
		{BBBC40B8-9569-482C-B291-961D73C4C0CD}.Release|Any CPU.Build.0 = Release|Any CPU
		{552EB84B-64C5-4E75-911E-3DCEB3D8B474}.Debug|Any CPU.ActiveCfg = Debug|Any CPU
		{552EB84B-64C5-4E75-911E-3DCEB3D8B474}.Debug|Any CPU.Build.0 = Debug|Any CPU
		{552EB84B-64C5-4E75-911E-3DCEB3D8B474}.Release|Any CPU.ActiveCfg = Release|Any CPU
		{552EB84B-64C5-4E75-911E-3DCEB3D8B474}.Release|Any CPU.Build.0 = Release|Any CPU
		{1BFD9E99-EC4B-4B48-98D5-D1E8B85C8AE3}.Debug|Any CPU.ActiveCfg = Debug|Any CPU
		{1BFD9E99-EC4B-4B48-98D5-D1E8B85C8AE3}.Debug|Any CPU.Build.0 = Debug|Any CPU
		{1BFD9E99-EC4B-4B48-98D5-D1E8B85C8AE3}.Release|Any CPU.ActiveCfg = Release|Any CPU
		{1BFD9E99-EC4B-4B48-98D5-D1E8B85C8AE3}.Release|Any CPU.Build.0 = Release|Any CPU
		{957F6007-E241-4891-B224-3C593B2BB36D}.Debug|Any CPU.ActiveCfg = Debug|Any CPU
		{957F6007-E241-4891-B224-3C593B2BB36D}.Debug|Any CPU.Build.0 = Debug|Any CPU
		{957F6007-E241-4891-B224-3C593B2BB36D}.Release|Any CPU.ActiveCfg = Release|Any CPU
		{957F6007-E241-4891-B224-3C593B2BB36D}.Release|Any CPU.Build.0 = Release|Any CPU
		{839F5FBC-DD23-4679-B777-D8556904006F}.Debug|Any CPU.ActiveCfg = Debug|Any CPU
		{839F5FBC-DD23-4679-B777-D8556904006F}.Debug|Any CPU.Build.0 = Debug|Any CPU
		{839F5FBC-DD23-4679-B777-D8556904006F}.Release|Any CPU.ActiveCfg = Release|Any CPU
		{839F5FBC-DD23-4679-B777-D8556904006F}.Release|Any CPU.Build.0 = Release|Any CPU
		{1F1DD8E1-D563-4E31-AA5D-07173D9180DA}.Debug|Any CPU.ActiveCfg = Debug|Any CPU
		{1F1DD8E1-D563-4E31-AA5D-07173D9180DA}.Debug|Any CPU.Build.0 = Debug|Any CPU
		{1F1DD8E1-D563-4E31-AA5D-07173D9180DA}.Release|Any CPU.ActiveCfg = Release|Any CPU
		{1F1DD8E1-D563-4E31-AA5D-07173D9180DA}.Release|Any CPU.Build.0 = Release|Any CPU
	EndGlobalSection
	GlobalSection(SolutionProperties) = preSolution
		HideSolutionNode = FALSE
	EndGlobalSection
	GlobalSection(ExtensibilityGlobals) = postSolution
		SolutionGuid = {FB96125C-8451-4E52-90EE-E815549F2E19}
	EndGlobalSection
EndGlobal
